
Microsoft Visual Studio Solution File, Format Version 12.00
# Visual Studio Version 17
VisualStudioVersion = 17.4.33205.214
MinimumVisualStudioVersion = 10.0.40219.1
Project("{9A19103F-16F7-4668-BE54-9A1E7A4F7556}") = "BlazorEcommerce.Server", "BlazorEcommerce\Server\BlazorEcommerce.Server.csproj", "{8949BD48-C0D3-4CFB-8D28-1B1D00BAC698}"
EndProject
Project("{9A19103F-16F7-4668-BE54-9A1E7A4F7556}") = "BlazorEcommerce.Client", "BlazorEcommerce\Client\BlazorEcommerce.Client.csproj", "{096D7499-9261-4B36-9DDD-9F941FE2CB93}"
EndProject
Project("{9A19103F-16F7-4668-BE54-9A1E7A4F7556}") = "BlazorEcommerce.Shared", "BlazorEcommerce\Shared\BlazorEcommerce.Shared.csproj", "{FF75AE90-0E2A-462E-88EE-266696C8347C}"
EndProject
Global
	GlobalSection(SolutionConfigurationPlatforms) = preSolution
		Debug|Any CPU = Debug|Any CPU
		Release|Any CPU = Release|Any CPU
	EndGlobalSection
	GlobalSection(ProjectConfigurationPlatforms) = postSolution
		{8949BD48-C0D3-4CFB-8D28-1B1D00BAC698}.Debug|Any CPU.ActiveCfg = Debug|Any CPU
		{8949BD48-C0D3-4CFB-8D28-1B1D00BAC698}.Debug|Any CPU.Build.0 = Debug|Any CPU
		{8949BD48-C0D3-4CFB-8D28-1B1D00BAC698}.Release|Any CPU.ActiveCfg = Release|Any CPU
		{8949BD48-C0D3-4CFB-8D28-1B1D00BAC698}.Release|Any CPU.Build.0 = Release|Any CPU
		{096D7499-9261-4B36-9DDD-9F941FE2CB93}.Debug|Any CPU.ActiveCfg = Debug|Any CPU
		{096D7499-9261-4B36-9DDD-9F941FE2CB93}.Debug|Any CPU.Build.0 = Debug|Any CPU
		{096D7499-9261-4B36-9DDD-9F941FE2CB93}.Release|Any CPU.ActiveCfg = Release|Any CPU
		{096D7499-9261-4B36-9DDD-9F941FE2CB93}.Release|Any CPU.Build.0 = Release|Any CPU
		{FF75AE90-0E2A-462E-88EE-266696C8347C}.Debug|Any CPU.ActiveCfg = Debug|Any CPU
		{FF75AE90-0E2A-462E-88EE-266696C8347C}.Debug|Any CPU.Build.0 = Debug|Any CPU
		{FF75AE90-0E2A-462E-88EE-266696C8347C}.Release|Any CPU.ActiveCfg = Release|Any CPU
		{FF75AE90-0E2A-462E-88EE-266696C8347C}.Release|Any CPU.Build.0 = Release|Any CPU
	EndGlobalSection
	GlobalSection(SolutionProperties) = preSolution
		HideSolutionNode = FALSE
	EndGlobalSection
	GlobalSection(ExtensibilityGlobals) = postSolution
		SolutionGuid = {F273D763-1EC4-4A18-91A6-F52D8A44BC8F}
	EndGlobalSection
EndGlobal
